// !$*UTF8*$!
{
	archiveVersion = 1;
	classes = {
	};
	objectVersion = 50;
	objects = {

/* Begin PBXBuildFile section */
		DA06105D23D02A7E00EB948B /* pattern_loader.h in Sources */ = {isa = PBXBuildFile; fileRef = DA06105C23D02A7D00EB948B /* pattern_loader.h */; };
		DA9B8EDC23C2482C0055B15F /* main.cpp in Sources */ = {isa = PBXBuildFile; fileRef = DA9B8EDB23C2482C0055B15F /* main.cpp */; };
		DA9B8EE923C24C0D0055B15F /* libaccum.a in Frameworks */ = {isa = PBXBuildFile; fileRef = DA9B8EE823C24C0D0055B15F /* libaccum.a */; };
		DA9B8EEE23C24E740055B15F /* pattern_loader.cc in Sources */ = {isa = PBXBuildFile; fileRef = DA9B8EED23C24E740055B15F /* pattern_loader.cc */; };
		DA9B8EF023C24EB30055B15F /* aho_corasick.h in Sources */ = {isa = PBXBuildFile; fileRef = DA9B8EEF23C24EB30055B15F /* aho_corasick.h */; };
		DA9B8EF223C24EB60055B15F /* ac_adaptor.h in Sources */ = {isa = PBXBuildFile; fileRef = DA9B8EF123C24EB60055B15F /* ac_adaptor.h */; };
		DA9B8EF423C24EB80055B15F /* ac_adaptor.cc in Sources */ = {isa = PBXBuildFile; fileRef = DA9B8EF323C24EB80055B15F /* ac_adaptor.cc */; };
		DA9B8EF723C24F8F0055B15F /* libgmp.dylib in Frameworks */ = {isa = PBXBuildFile; fileRef = DA9B8EF523C24F8F0055B15F /* libgmp.dylib */; };
		DA9B8EF823C24F8F0055B15F /* libgmp.a in Frameworks */ = {isa = PBXBuildFile; fileRef = DA9B8EF623C24F8F0055B15F /* libgmp.a */; };
		DA9B8EFA23C2503D0055B15F /* libdclxvi.a in Frameworks */ = {isa = PBXBuildFile; fileRef = DA9B8EF923C2503D0055B15F /* libdclxvi.a */; };
		DA9B8EFD23C2507B0055B15F /* libflint.dylib in Frameworks */ = {isa = PBXBuildFile; fileRef = DA9B8EFB23C2507B0055B15F /* libflint.dylib */; };
		DA9B8EFE23C2507B0055B15F /* libflint.a in Frameworks */ = {isa = PBXBuildFile; fileRef = DA9B8EFC23C2507B0055B15F /* libflint.a */; };
		DA9B8F0023C250AE0055B15F /* libcryptopp.a in Frameworks */ = {isa = PBXBuildFile; fileRef = DA9B8EFF23C250AE0055B15F /* libcryptopp.a */; };
		DA9B8F0323C251120055B15F /* libmpfr.a in Frameworks */ = {isa = PBXBuildFile; fileRef = DA9B8F0123C251120055B15F /* libmpfr.a */; };
		DA9B8F0423C251120055B15F /* libmpfr.dylib in Frameworks */ = {isa = PBXBuildFile; fileRef = DA9B8F0223C251120055B15F /* libmpfr.dylib */; };
/* End PBXBuildFile section */

/* Begin PBXCopyFilesBuildPhase section */
		DA9B8ED623C2482C0055B15F /* CopyFiles */ = {
			isa = PBXCopyFilesBuildPhase;
			buildActionMask = 2147483647;
			dstPath = /usr/share/man/man1/;
			dstSubfolderSpec = 0;
			files = (
			);
			runOnlyForDeploymentPostprocessing = 1;
		};
/* End PBXCopyFilesBuildPhase section */

/* Begin PBXFileReference section */
		DA06105C23D02A7D00EB948B /* pattern_loader.h */ = {isa = PBXFileReference; lastKnownFileType = sourcecode.c.h; name = pattern_loader.h; path = payload_setup1/libverimb/pattern_loader.h; sourceTree = "<group>"; };
		DA06105E23D02A9F00EB948B /* element */ = {isa = PBXFileReference; lastKnownFileType = folder; path = element; sourceTree = "<group>"; };
		DA9B8ED823C2482C0055B15F /* payload_setup1 */ = {isa = PBXFileReference; explicitFileType = "compiled.mach-o.executable"; includeInIndex = 0; path = payload_setup1; sourceTree = BUILT_PRODUCTS_DIR; };
		DA9B8EDB23C2482C0055B15F /* main.cpp */ = {isa = PBXFileReference; lastKnownFileType = sourcecode.cpp.cpp; path = main.cpp; sourceTree = "<group>"; };
		DA9B8EE223C248DD0055B15F /* libverimb */ = {isa = PBXFileReference; lastKnownFileType = folder; path = libverimb; sourceTree = "<group>"; };
		DA9B8EE323C248DE0055B15F /* snort.pat */ = {isa = PBXFileReference; fileEncoding = 4; lastKnownFileType = text; path = snort.pat; sourceTree = "<group>"; };
		DA9B8EE423C248DE0055B15F /* snort_test.txt */ = {isa = PBXFileReference; fileEncoding = 4; lastKnownFileType = text; path = snort_test.txt; sourceTree = "<group>"; };
		DA9B8EE523C248DE0055B15F /* snort_test.pat */ = {isa = PBXFileReference; fileEncoding = 4; lastKnownFileType = text; path = snort_test.pat; sourceTree = "<group>"; };
		DA9B8EE623C24BD30055B15F /* lib */ = {isa = PBXFileReference; lastKnownFileType = folder; path = lib; sourceTree = "<group>"; };
		DA9B8EE823C24C0D0055B15F /* libaccum.a */ = {isa = PBXFileReference; lastKnownFileType = archive.ar; name = libaccum.a; path = "payload_setup1/lib/crypto-accumulators-master/lib/libaccum.a"; sourceTree = "<group>"; };
		DA9B8EED23C24E740055B15F /* pattern_loader.cc */ = {isa = PBXFileReference; lastKnownFileType = sourcecode.cpp.cpp; name = pattern_loader.cc; path = payload_setup1/libverimb/pattern_loader.cc; sourceTree = "<group>"; };
		DA9B8EEF23C24EB30055B15F /* aho_corasick.h */ = {isa = PBXFileReference; lastKnownFileType = sourcecode.c.h; name = aho_corasick.h; path = payload_setup1/libverimb/ac/aho_corasick.h; sourceTree = "<group>"; };
		DA9B8EF123C24EB60055B15F /* ac_adaptor.h */ = {isa = PBXFileReference; lastKnownFileType = sourcecode.c.h; name = ac_adaptor.h; path = payload_setup1/libverimb/ac/ac_adaptor.h; sourceTree = "<group>"; };
		DA9B8EF323C24EB80055B15F /* ac_adaptor.cc */ = {isa = PBXFileReference; lastKnownFileType = sourcecode.cpp.cpp; name = ac_adaptor.cc; path = payload_setup1/libverimb/ac/ac_adaptor.cc; sourceTree = "<group>"; };
		DA9B8EF523C24F8F0055B15F /* libgmp.dylib */ = {isa = PBXFileReference; lastKnownFileType = "compiled.mach-o.dylib"; name = libgmp.dylib; path = payload_setup1/lib/libgmp.dylib; sourceTree = "<group>"; };
		DA9B8EF623C24F8F0055B15F /* libgmp.a */ = {isa = PBXFileReference; lastKnownFileType = archive.ar; name = libgmp.a; path = payload_setup1/lib/libgmp.a; sourceTree = "<group>"; };
		DA9B8EF923C2503D0055B15F /* libdclxvi.a */ = {isa = PBXFileReference; lastKnownFileType = archive.ar; name = libdclxvi.a; path = "payload_setup1/lib/crypto-accumulators-master/ext/dclxvi-20130411/libdclxvi.a"; sourceTree = "<group>"; };
		DA9B8EFB23C2507B0055B15F /* libflint.dylib */ = {isa = PBXFileReference; lastKnownFileType = "compiled.mach-o.dylib"; name = libflint.dylib; path = payload_setup1/lib/libflint.dylib; sourceTree = "<group>"; };
		DA9B8EFC23C2507B0055B15F /* libflint.a */ = {isa = PBXFileReference; lastKnownFileType = archive.ar; name = libflint.a; path = payload_setup1/lib/libflint.a; sourceTree = "<group>"; };
		DA9B8EFF23C250AE0055B15F /* libcryptopp.a */ = {isa = PBXFileReference; lastKnownFileType = archive.ar; name = libcryptopp.a; path = payload_setup1/lib/libcryptopp.a; sourceTree = "<group>"; };
		DA9B8F0123C251120055B15F /* libmpfr.a */ = {isa = PBXFileReference; lastKnownFileType = archive.ar; name = libmpfr.a; path = payload_setup1/lib/libmpfr.a; sourceTree = "<group>"; };
		DA9B8F0223C251120055B15F /* libmpfr.dylib */ = {isa = PBXFileReference; lastKnownFileType = "compiled.mach-o.dylib"; name = libmpfr.dylib; path = payload_setup1/lib/libmpfr.dylib; sourceTree = "<group>"; };
/* End PBXFileReference section */

/* Begin PBXFrameworksBuildPhase section */
		DA9B8ED523C2482C0055B15F /* Frameworks */ = {
			isa = PBXFrameworksBuildPhase;
			buildActionMask = 2147483647;
			files = (
				DA9B8F0323C251120055B15F /* libmpfr.a in Frameworks */,
				DA9B8F0423C251120055B15F /* libmpfr.dylib in Frameworks */,
				DA9B8F0023C250AE0055B15F /* libcryptopp.a in Frameworks */,
				DA9B8EFD23C2507B0055B15F /* libflint.dylib in Frameworks */,
				DA9B8EFE23C2507B0055B15F /* libflint.a in Frameworks */,
				DA9B8EFA23C2503D0055B15F /* libdclxvi.a in Frameworks */,
				DA9B8EF723C24F8F0055B15F /* libgmp.dylib in Frameworks */,
				DA9B8EF823C24F8F0055B15F /* libgmp.a in Frameworks */,
				DA9B8EE923C24C0D0055B15F /* libaccum.a in Frameworks */,
			);
			runOnlyForDeploymentPostprocessing = 0;
		};
/* End PBXFrameworksBuildPhase section */

/* Begin PBXGroup section */
		DA9B8ECF23C2482B0055B15F = {
			isa = PBXGroup;
			children = (
				DA06105C23D02A7D00EB948B /* pattern_loader.h */,
				DA9B8EF323C24EB80055B15F /* ac_adaptor.cc */,
				DA9B8EF123C24EB60055B15F /* ac_adaptor.h */,
				DA9B8EEF23C24EB30055B15F /* aho_corasick.h */,
				DA9B8EED23C24E740055B15F /* pattern_loader.cc */,
				DA9B8EDA23C2482C0055B15F /* payload_setup1 */,
				DA9B8ED923C2482C0055B15F /* Products */,
				DA9B8EE723C24C0D0055B15F /* Frameworks */,
			);
			sourceTree = "<group>";
		};
		DA9B8ED923C2482C0055B15F /* Products */ = {
			isa = PBXGroup;
			children = (
				DA9B8ED823C2482C0055B15F /* payload_setup1 */,
			);
			name = Products;
			sourceTree = "<group>";
		};
		DA9B8EDA23C2482C0055B15F /* payload_setup1 */ = {
			isa = PBXGroup;
			children = (
				DA06105E23D02A9F00EB948B /* element */,
				DA9B8EE623C24BD30055B15F /* lib */,
				DA9B8EDB23C2482C0055B15F /* main.cpp */,
				DA9B8EE223C248DD0055B15F /* libverimb */,
				DA9B8EE523C248DE0055B15F /* snort_test.pat */,
				DA9B8EE423C248DE0055B15F /* snort_test.txt */,
				DA9B8EE323C248DE0055B15F /* snort.pat */,
			);
			path = payload_setup1;
			sourceTree = "<group>";
		};
		DA9B8EE723C24C0D0055B15F /* Frameworks */ = {
			isa = PBXGroup;
			children = (
				DA9B8F0123C251120055B15F /* libmpfr.a */,
				DA9B8F0223C251120055B15F /* libmpfr.dylib */,
				DA9B8EFF23C250AE0055B15F /* libcryptopp.a */,
				DA9B8EFC23C2507B0055B15F /* libflint.a */,
				DA9B8EFB23C2507B0055B15F /* libflint.dylib */,
				DA9B8EF923C2503D0055B15F /* libdclxvi.a */,
				DA9B8EF623C24F8F0055B15F /* libgmp.a */,
				DA9B8EF523C24F8F0055B15F /* libgmp.dylib */,
				DA9B8EE823C24C0D0055B15F /* libaccum.a */,
			);
			name = Frameworks;
			sourceTree = "<group>";
		};
/* End PBXGroup section */

/* Begin PBXNativeTarget section */
		DA9B8ED723C2482C0055B15F /* payload_setup1 */ = {
			isa = PBXNativeTarget;
			buildConfigurationList = DA9B8EDF23C2482C0055B15F /* Build configuration list for PBXNativeTarget "payload_setup1" */;
			buildPhases = (
				DA9B8ED423C2482C0055B15F /* Sources */,
				DA9B8ED523C2482C0055B15F /* Frameworks */,
				DA9B8ED623C2482C0055B15F /* CopyFiles */,
			);
			buildRules = (
			);
			dependencies = (
			);
			name = payload_setup1;
			productName = payload_setup1;
			productReference = DA9B8ED823C2482C0055B15F /* payload_setup1 */;
			productType = "com.apple.product-type.tool";
		};
/* End PBXNativeTarget section */

/* Begin PBXProject section */
		DA9B8ED023C2482B0055B15F /* Project object */ = {
			isa = PBXProject;
			attributes = {
				LastUpgradeCheck = 1130;
				ORGANIZATIONNAME = "耿威";
				TargetAttributes = {
					DA9B8ED723C2482C0055B15F = {
						CreatedOnToolsVersion = 11.3;
					};
				};
			};
			buildConfigurationList = DA9B8ED323C2482B0055B15F /* Build configuration list for PBXProject "payload_setup1" */;
			compatibilityVersion = "Xcode 9.3";
			developmentRegion = en;
			hasScannedForEncodings = 0;
			knownRegions = (
				en,
				Base,
			);
			mainGroup = DA9B8ECF23C2482B0055B15F;
			productRefGroup = DA9B8ED923C2482C0055B15F /* Products */;
			projectDirPath = "";
			projectRoot = "";
			targets = (
				DA9B8ED723C2482C0055B15F /* payload_setup1 */,
			);
		};
/* End PBXProject section */

/* Begin PBXSourcesBuildPhase section */
		DA9B8ED423C2482C0055B15F /* Sources */ = {
			isa = PBXSourcesBuildPhase;
			buildActionMask = 2147483647;
			files = (
				DA06105D23D02A7E00EB948B /* pattern_loader.h in Sources */,
				DA9B8EDC23C2482C0055B15F /* main.cpp in Sources */,
				DA9B8EEE23C24E740055B15F /* pattern_loader.cc in Sources */,
				DA9B8EF023C24EB30055B15F /* aho_corasick.h in Sources */,
				DA9B8EF223C24EB60055B15F /* ac_adaptor.h in Sources */,
				DA9B8EF423C24EB80055B15F /* ac_adaptor.cc in Sources */,
			);
			runOnlyForDeploymentPostprocessing = 0;
		};
/* End PBXSourcesBuildPhase section */

/* Begin XCBuildConfiguration section */
		DA9B8EDD23C2482C0055B15F /* Debug */ = {
			isa = XCBuildConfiguration;
			buildSettings = {
				ALWAYS_SEARCH_USER_PATHS = NO;
				CLANG_ANALYZER_NONNULL = YES;
				CLANG_ANALYZER_NUMBER_OBJECT_CONVERSION = YES_AGGRESSIVE;
				CLANG_CXX_LANGUAGE_STANDARD = "gnu++14";
				CLANG_CXX_LIBRARY = "libc++";
				CLANG_ENABLE_MODULES = YES;
				CLANG_ENABLE_OBJC_ARC = YES;
				CLANG_ENABLE_OBJC_WEAK = YES;
				CLANG_WARN_BLOCK_CAPTURE_AUTORELEASING = YES;
				CLANG_WARN_BOOL_CONVERSION = YES;
				CLANG_WARN_COMMA = YES;
				CLANG_WARN_CONSTANT_CONVERSION = YES;
				CLANG_WARN_DEPRECATED_OBJC_IMPLEMENTATIONS = YES;
				CLANG_WARN_DIRECT_OBJC_ISA_USAGE = YES_ERROR;
				CLANG_WARN_DOCUMENTATION_COMMENTS = YES;
				CLANG_WARN_EMPTY_BODY = YES;
				CLANG_WARN_ENUM_CONVERSION = YES;
				CLANG_WARN_INFINITE_RECURSION = YES;
				CLANG_WARN_INT_CONVERSION = YES;
				CLANG_WARN_NON_LITERAL_NULL_CONVERSION = YES;
				CLANG_WARN_OBJC_IMPLICIT_RETAIN_SELF = YES;
				CLANG_WARN_OBJC_LITERAL_CONVERSION = YES;
				CLANG_WARN_OBJC_ROOT_CLASS = YES_ERROR;
				CLANG_WARN_RANGE_LOOP_ANALYSIS = YES;
				CLANG_WARN_STRICT_PROTOTYPES = YES;
				CLANG_WARN_SUSPICIOUS_MOVE = YES;
				CLANG_WARN_UNGUARDED_AVAILABILITY = YES_AGGRESSIVE;
				CLANG_WARN_UNREACHABLE_CODE = YES;
				CLANG_WARN__DUPLICATE_METHOD_MATCH = YES;
				COPY_PHASE_STRIP = NO;
				DEBUG_INFORMATION_FORMAT = dwarf;
				ENABLE_STRICT_OBJC_MSGSEND = YES;
				ENABLE_TESTABILITY = YES;
				GCC_C_LANGUAGE_STANDARD = gnu11;
				GCC_DYNAMIC_NO_PIC = NO;
				GCC_NO_COMMON_BLOCKS = YES;
				GCC_OPTIMIZATION_LEVEL = 0;
				GCC_PREPROCESSOR_DEFINITIONS = (
					"DEBUG=1",
					"$(inherited)",
				);
				GCC_WARN_64_TO_32_BIT_CONVERSION = YES;
				GCC_WARN_ABOUT_RETURN_TYPE = YES_ERROR;
				GCC_WARN_UNDECLARED_SELECTOR = YES;
				GCC_WARN_UNINITIALIZED_AUTOS = YES_AGGRESSIVE;
				GCC_WARN_UNUSED_FUNCTION = YES;
				GCC_WARN_UNUSED_VARIABLE = YES;
				HEADER_SEARCH_PATHS = (
					/usr/local/include/,
					"/Users/gengwei/Desktop/veriMB/payload_setup1/payload_setup1/lib/crypto-accumulators-master/inc/",
					"/Users/gengwei/Desktop/veriMB/payload_setup1/payload_setup1/lib/crypto-accumulators-master/ext/dclxvi-20130411/",
				);
				MACOSX_DEPLOYMENT_TARGET = 10.15;
				MTL_ENABLE_DEBUG_INFO = INCLUDE_SOURCE;
				MTL_FAST_MATH = YES;
				ONLY_ACTIVE_ARCH = YES;
				SDKROOT = macosx;
			};
			name = Debug;
		};
		DA9B8EDE23C2482C0055B15F /* Release */ = {
			isa = XCBuildConfiguration;
			buildSettings = {
				ALWAYS_SEARCH_USER_PATHS = NO;
				CLANG_ANALYZER_NONNULL = YES;
				CLANG_ANALYZER_NUMBER_OBJECT_CONVERSION = YES_AGGRESSIVE;
				CLANG_CXX_LANGUAGE_STANDARD = "gnu++14";
				CLANG_CXX_LIBRARY = "libc++";
				CLANG_ENABLE_MODULES = YES;
				CLANG_ENABLE_OBJC_ARC = YES;
				CLANG_ENABLE_OBJC_WEAK = YES;
				CLANG_WARN_BLOCK_CAPTURE_AUTORELEASING = YES;
				CLANG_WARN_BOOL_CONVERSION = YES;
				CLANG_WARN_COMMA = YES;
				CLANG_WARN_CONSTANT_CONVERSION = YES;
				CLANG_WARN_DEPRECATED_OBJC_IMPLEMENTATIONS = YES;
				CLANG_WARN_DIRECT_OBJC_ISA_USAGE = YES_ERROR;
				CLANG_WARN_DOCUMENTATION_COMMENTS = YES;
				CLANG_WARN_EMPTY_BODY = YES;
				CLANG_WARN_ENUM_CONVERSION = YES;
				CLANG_WARN_INFINITE_RECURSION = YES;
				CLANG_WARN_INT_CONVERSION = YES;
				CLANG_WARN_NON_LITERAL_NULL_CONVERSION = YES;
				CLANG_WARN_OBJC_IMPLICIT_RETAIN_SELF = YES;
				CLANG_WARN_OBJC_LITERAL_CONVERSION = YES;
				CLANG_WARN_OBJC_ROOT_CLASS = YES_ERROR;
				CLANG_WARN_RANGE_LOOP_ANALYSIS = YES;
				CLANG_WARN_STRICT_PROTOTYPES = YES;
				CLANG_WARN_SUSPICIOUS_MOVE = YES;
				CLANG_WARN_UNGUARDED_AVAILABILITY = YES_AGGRESSIVE;
				CLANG_WARN_UNREACHABLE_CODE = YES;
				CLANG_WARN__DUPLICATE_METHOD_MATCH = YES;
				COPY_PHASE_STRIP = NO;
				DEBUG_INFORMATION_FORMAT = "dwarf-with-dsym";
				ENABLE_NS_ASSERTIONS = NO;
				ENABLE_STRICT_OBJC_MSGSEND = YES;
				GCC_C_LANGUAGE_STANDARD = gnu11;
				GCC_NO_COMMON_BLOCKS = YES;
				GCC_WARN_64_TO_32_BIT_CONVERSION = YES;
				GCC_WARN_ABOUT_RETURN_TYPE = YES_ERROR;
				GCC_WARN_UNDECLARED_SELECTOR = YES;
				GCC_WARN_UNINITIALIZED_AUTOS = YES_AGGRESSIVE;
				GCC_WARN_UNUSED_FUNCTION = YES;
				GCC_WARN_UNUSED_VARIABLE = YES;
				HEADER_SEARCH_PATHS = (
					/usr/local/include/,
					"/Users/gengwei/Desktop/veriMB/payload_setup1/payload_setup1/lib/crypto-accumulators-master/inc/",
					"/Users/gengwei/Desktop/veriMB/payload_setup1/payload_setup1/lib/crypto-accumulators-master/ext/dclxvi-20130411/",
				);
				MACOSX_DEPLOYMENT_TARGET = 10.15;
				MTL_ENABLE_DEBUG_INFO = NO;
				MTL_FAST_MATH = YES;
				SDKROOT = macosx;
			};
			name = Release;
		};
		DA9B8EE023C2482C0055B15F /* Debug */ = {
			isa = XCBuildConfiguration;
			buildSettings = {
				CODE_SIGN_STYLE = Automatic;
				LIBRARY_SEARCH_PATHS = (
					"$(inherited)",
					"$(PROJECT_DIR)/payload_setup1/lib/crypto-accumulators-master/lib",
					"$(PROJECT_DIR)/payload_setup1/lib",
					"$(PROJECT_DIR)/payload_setup1/lib/crypto-accumulators-master/ext/dclxvi-20130411",
				);
				PRODUCT_NAME = "$(TARGET_NAME)";
			};
			name = Debug;
		};
		DA9B8EE123C2482C0055B15F /* Release */ = {
			isa = XCBuildConfiguration;
			buildSettings = {
				CODE_SIGN_STYLE = Automatic;
				LIBRARY_SEARCH_PATHS = (
					"$(inherited)",
					"$(PROJECT_DIR)/payload_setup1/lib/crypto-accumulators-master/lib",
					"$(PROJECT_DIR)/payload_setup1/lib",
					"$(PROJECT_DIR)/payload_setup1/lib/crypto-accumulators-master/ext/dclxvi-20130411",
				);
				PRODUCT_NAME = "$(TARGET_NAME)";
			};
			name = Release;
		};
/* End XCBuildConfiguration section */

/* Begin XCConfigurationList section */
		DA9B8ED323C2482B0055B15F /* Build configuration list for PBXProject "payload_setup1" */ = {
			isa = XCConfigurationList;
			buildConfigurations = (
				DA9B8EDD23C2482C0055B15F /* Debug */,
				DA9B8EDE23C2482C0055B15F /* Release */,
			);
			defaultConfigurationIsVisible = 0;
			defaultConfigurationName = Release;
		};
		DA9B8EDF23C2482C0055B15F /* Build configuration list for PBXNativeTarget "payload_setup1" */ = {
			isa = XCConfigurationList;
			buildConfigurations = (
				DA9B8EE023C2482C0055B15F /* Debug */,
				DA9B8EE123C2482C0055B15F /* Release */,
			);
			defaultConfigurationIsVisible = 0;
			defaultConfigurationName = Release;
		};
/* End XCConfigurationList section */
	};
	rootObject = DA9B8ED023C2482B0055B15F /* Project object */;
}
